
Microsoft Visual Studio Solution File, Format Version 12.00
# Visual Studio Version 17
VisualStudioVersion = 17.9.34616.47
MinimumVisualStudioVersion = 10.0.40219.1
Project("{FAE04EC0-301F-11D3-BF4B-00C04F79EFBC}") = "site_aula_heranca", "site_aula_heranca\site_aula_heranca.csproj", "{A3634680-14BC-4FC0-8010-BDCCD15D7641}"
EndProject
Global
	GlobalSection(SolutionConfigurationPlatforms) = preSolution
		Debug|Any CPU = Debug|Any CPU
		Release|Any CPU = Release|Any CPU
	EndGlobalSection
	GlobalSection(ProjectConfigurationPlatforms) = postSolution
		{A3634680-14BC-4FC0-8010-BDCCD15D7641}.Debug|Any CPU.ActiveCfg = Debug|Any CPU
		{A3634680-14BC-4FC0-8010-BDCCD15D7641}.Debug|Any CPU.Build.0 = Debug|Any CPU
		{A3634680-14BC-4FC0-8010-BDCCD15D7641}.Release|Any CPU.ActiveCfg = Release|Any CPU
		{A3634680-14BC-4FC0-8010-BDCCD15D7641}.Release|Any CPU.Build.0 = Release|Any CPU
	EndGlobalSection
	GlobalSection(SolutionProperties) = preSolution
		HideSolutionNode = FALSE
	EndGlobalSection
	GlobalSection(ExtensibilityGlobals) = postSolution
		SolutionGuid = {C3D83403-93BA-488B-95A6-231A0FD0905A}
	EndGlobalSection
EndGlobal
