
Microsoft Visual Studio Solution File, Format Version 12.00
# Visual Studio Version 17
VisualStudioVersion = 17.9.34616.47
MinimumVisualStudioVersion = 10.0.40219.1
Project("{FAE04EC0-301F-11D3-BF4B-00C04F79EFBC}") = "site_aula_list", "site_aula_list\site_aula_list.csproj", "{1DF5DFD8-4905-498F-B6E3-9812257E454F}"
EndProject
Global
	GlobalSection(SolutionConfigurationPlatforms) = preSolution
		Debug|Any CPU = Debug|Any CPU
		Release|Any CPU = Release|Any CPU
	EndGlobalSection
	GlobalSection(ProjectConfigurationPlatforms) = postSolution
		{1DF5DFD8-4905-498F-B6E3-9812257E454F}.Debug|Any CPU.ActiveCfg = Debug|Any CPU
		{1DF5DFD8-4905-498F-B6E3-9812257E454F}.Debug|Any CPU.Build.0 = Debug|Any CPU
		{1DF5DFD8-4905-498F-B6E3-9812257E454F}.Release|Any CPU.ActiveCfg = Release|Any CPU
		{1DF5DFD8-4905-498F-B6E3-9812257E454F}.Release|Any CPU.Build.0 = Release|Any CPU
	EndGlobalSection
	GlobalSection(SolutionProperties) = preSolution
		HideSolutionNode = FALSE
	EndGlobalSection
	GlobalSection(ExtensibilityGlobals) = postSolution
		SolutionGuid = {E0D8E781-C338-489B-98CF-9453E0998E8D}
	EndGlobalSection
EndGlobal
